// !$*UTF8*$!
{
	archiveVersion = 1;
	classes = {
	};
	objectVersion = 50;
	objects = {

/* Begin PBXBuildFile section */
		4B216DC824B4EB95008EB6E4 /* AppDelegate.swift in Sources */ = {isa = PBXBuildFile; fileRef = 4B216DC724B4EB95008EB6E4 /* AppDelegate.swift */; };
		4B216DCF24B4EB95008EB6E4 /* Main.storyboard in Resources */ = {isa = PBXBuildFile; fileRef = 4B216DCD24B4EB95008EB6E4 /* Main.storyboard */; };
		4B216DD424B4EB97008EB6E4 /* Assets.xcassets in Resources */ = {isa = PBXBuildFile; fileRef = 4B216DD324B4EB97008EB6E4 /* Assets.xcassets */; };
		4B216DD724B4EB97008EB6E4 /* LaunchScreen.storyboard in Resources */ = {isa = PBXBuildFile; fileRef = 4B216DD524B4EB97008EB6E4 /* LaunchScreen.storyboard */; };
		4B34BC992588ED3400847327 /* DataManager.swift in Sources */ = {isa = PBXBuildFile; fileRef = 4B34BC982588ED3400847327 /* DataManager.swift */; };
		4B7CED9C25894CBF00511AA2 /* ExpandableTableViewHeader.swift in Sources */ = {isa = PBXBuildFile; fileRef = 4B7CED9B25894CBF00511AA2 /* ExpandableTableViewHeader.swift */; };
		4B87DCDF24BCA017006749E2 /* SceneDelegate.swift in Sources */ = {isa = PBXBuildFile; fileRef = 4B216DC924B4EB95008EB6E4 /* SceneDelegate.swift */; };
		4B87DCE124BCA027006749E2 /* TableViewController.swift in Sources */ = {isa = PBXBuildFile; fileRef = 4B1330D224B504A800CE85D8 /* TableViewController.swift */; };
		4B87DCE224BCA032006749E2 /* AddViewController.swift in Sources */ = {isa = PBXBuildFile; fileRef = 4B216DDE24B4EDEB008EB6E4 /* AddViewController.swift */; };
		4BC74E6A25801CB3008E8CE2 /* Today's_Tasks.xcdatamodeld in Sources */ = {isa = PBXBuildFile; fileRef = 4BC74E6825801CB3008E8CE2 /* Today's_Tasks.xcdatamodeld */; };
/* End PBXBuildFile section */

/* Begin PBXFileReference section */
		4B1330D224B504A800CE85D8 /* TableViewController.swift */ = {isa = PBXFileReference; lastKnownFileType = sourcecode.swift; path = TableViewController.swift; sourceTree = "<group>"; };
		4B216DC424B4EB95008EB6E4 /*  Today's tasks.app */ = {isa = PBXFileReference; explicitFileType = wrapper.application; includeInIndex = 0; path = " Today's tasks.app"; sourceTree = BUILT_PRODUCTS_DIR; };
		4B216DC724B4EB95008EB6E4 /* AppDelegate.swift */ = {isa = PBXFileReference; lastKnownFileType = sourcecode.swift; path = AppDelegate.swift; sourceTree = "<group>"; };
		4B216DC924B4EB95008EB6E4 /* SceneDelegate.swift */ = {isa = PBXFileReference; lastKnownFileType = sourcecode.swift; path = SceneDelegate.swift; sourceTree = "<group>"; };
		4B216DCE24B4EB95008EB6E4 /* Base */ = {isa = PBXFileReference; lastKnownFileType = file.storyboard; name = Base; path = Base.lproj/Main.storyboard; sourceTree = "<group>"; };
		4B216DD324B4EB97008EB6E4 /* Assets.xcassets */ = {isa = PBXFileReference; lastKnownFileType = folder.assetcatalog; path = Assets.xcassets; sourceTree = "<group>"; };
		4B216DD624B4EB97008EB6E4 /* Base */ = {isa = PBXFileReference; lastKnownFileType = file.storyboard; name = Base; path = Base.lproj/LaunchScreen.storyboard; sourceTree = "<group>"; };
		4B216DD824B4EB97008EB6E4 /* Info.plist */ = {isa = PBXFileReference; lastKnownFileType = text.plist.xml; path = Info.plist; sourceTree = "<group>"; };
		4B216DDE24B4EDEB008EB6E4 /* AddViewController.swift */ = {isa = PBXFileReference; lastKnownFileType = sourcecode.swift; path = AddViewController.swift; sourceTree = "<group>"; };
		4B34BC982588ED3400847327 /* DataManager.swift */ = {isa = PBXFileReference; lastKnownFileType = sourcecode.swift; path = DataManager.swift; sourceTree = "<group>"; };
		4B7CED9B25894CBF00511AA2 /* ExpandableTableViewHeader.swift */ = {isa = PBXFileReference; lastKnownFileType = sourcecode.swift; path = ExpandableTableViewHeader.swift; sourceTree = "<group>"; };
		4BC74E6925801CB3008E8CE2 /* Today's_Tasks.xcdatamodel */ = {isa = PBXFileReference; lastKnownFileType = wrapper.xcdatamodel; path = "Today's_Tasks.xcdatamodel"; sourceTree = "<group>"; };
/* End PBXFileReference section */

/* Begin PBXFrameworksBuildPhase section */
		4B216DC124B4EB95008EB6E4 /* Frameworks */ = {
			isa = PBXFrameworksBuildPhase;
			buildActionMask = 2147483647;
			files = (
			);
			runOnlyForDeploymentPostprocessing = 0;
		};
/* End PBXFrameworksBuildPhase section */

/* Begin PBXGroup section */
		4B216DBB24B4EB94008EB6E4 = {
			isa = PBXGroup;
			children = (
				4B216DC624B4EB95008EB6E4 /* Today's tasks */,
				4B216DC524B4EB95008EB6E4 /* Products */,
			);
			sourceTree = "<group>";
		};
		4B216DC524B4EB95008EB6E4 /* Products */ = {
			isa = PBXGroup;
			children = (
				4B216DC424B4EB95008EB6E4 /*  Today's tasks.app */,
			);
			name = Products;
			sourceTree = "<group>";
		};
		4B216DC624B4EB95008EB6E4 /* Today's tasks */ = {
			isa = PBXGroup;
			children = (
				4B216DC724B4EB95008EB6E4 /* AppDelegate.swift */,
				4B216DC924B4EB95008EB6E4 /* SceneDelegate.swift */,
				4B34BC952588073600847327 /* Controllers */,
				4B34BC932588071D00847327 /* headers and cells */,
				4B34BC982588ED3400847327 /* DataManager.swift */,
				4B216DCD24B4EB95008EB6E4 /* Main.storyboard */,
				4B216DD324B4EB97008EB6E4 /* Assets.xcassets */,
				4B216DD524B4EB97008EB6E4 /* LaunchScreen.storyboard */,
				4B216DD824B4EB97008EB6E4 /* Info.plist */,
				4BC74E6825801CB3008E8CE2 /* Today's_Tasks.xcdatamodeld */,
			);
			path = "Today's tasks";
			sourceTree = "<group>";
		};
		4B34BC932588071D00847327 /* headers and cells */ = {
			isa = PBXGroup;
			children = (
				4B7CED9B25894CBF00511AA2 /* ExpandableTableViewHeader.swift */,
			);
			path = "headers and cells";
			sourceTree = "<group>";
		};
		4B34BC952588073600847327 /* Controllers */ = {
			isa = PBXGroup;
			children = (
				4B1330D224B504A800CE85D8 /* TableViewController.swift */,
				4B216DDE24B4EDEB008EB6E4 /* AddViewController.swift */,
			);
			path = Controllers;
			sourceTree = "<group>";
		};
/* End PBXGroup section */

/* Begin PBXNativeTarget section */
		4B216DC324B4EB95008EB6E4 /*  Today's tasks */ = {
			isa = PBXNativeTarget;
			buildConfigurationList = 4B216DDB24B4EB97008EB6E4 /* Build configuration list for PBXNativeTarget " Today's tasks" */;
			buildPhases = (
				4B216DC024B4EB95008EB6E4 /* Sources */,
				4B216DC124B4EB95008EB6E4 /* Frameworks */,
				4B216DC224B4EB95008EB6E4 /* Resources */,
			);
			buildRules = (
			);
			dependencies = (
			);
			name = " Today's tasks";
			productName = "CoreData First Independent Try";
			productReference = 4B216DC424B4EB95008EB6E4 /*  Today's tasks.app */;
			productType = "com.apple.product-type.application";
		};
/* End PBXNativeTarget section */

/* Begin PBXProject section */
		4B216DBC24B4EB94008EB6E4 /* Project object */ = {
			isa = PBXProject;
			attributes = {
				LastSwiftUpdateCheck = 1130;
				LastUpgradeCheck = 1130;
				ORGANIZATIONNAME = chuchundren;
				TargetAttributes = {
					4B216DC324B4EB95008EB6E4 = {
						CreatedOnToolsVersion = 11.3.1;
					};
				};
			};
			buildConfigurationList = 4B216DBF24B4EB95008EB6E4 /* Build configuration list for PBXProject " Today's tasks" */;
			compatibilityVersion = "Xcode 9.3";
			developmentRegion = en;
			hasScannedForEncodings = 0;
			knownRegions = (
				en,
				Base,
			);
			mainGroup = 4B216DBB24B4EB94008EB6E4;
			productRefGroup = 4B216DC524B4EB95008EB6E4 /* Products */;
			projectDirPath = "";
			projectRoot = "";
			targets = (
				4B216DC324B4EB95008EB6E4 /*  Today's tasks */,
			);
		};
/* End PBXProject section */

/* Begin PBXResourcesBuildPhase section */
		4B216DC224B4EB95008EB6E4 /* Resources */ = {
			isa = PBXResourcesBuildPhase;
			buildActionMask = 2147483647;
			files = (
				4B216DD724B4EB97008EB6E4 /* LaunchScreen.storyboard in Resources */,
				4B216DD424B4EB97008EB6E4 /* Assets.xcassets in Resources */,
				4B216DCF24B4EB95008EB6E4 /* Main.storyboard in Resources */,
			);
			runOnlyForDeploymentPostprocessing = 0;
		};
/* End PBXResourcesBuildPhase section */

/* Begin PBXSourcesBuildPhase section */
		4B216DC024B4EB95008EB6E4 /* Sources */ = {
			isa = PBXSourcesBuildPhase;
			buildActionMask = 2147483647;
			files = (
				4B87DCE224BCA032006749E2 /* AddViewController.swift in Sources */,
				4B87DCE124BCA027006749E2 /* TableViewController.swift in Sources */,
				4B87DCDF24BCA017006749E2 /* SceneDelegate.swift in Sources */,
				4BC74E6A25801CB3008E8CE2 /* Today's_Tasks.xcdatamodeld in Sources */,
				4B216DC824B4EB95008EB6E4 /* AppDelegate.swift in Sources */,
				4B7CED9C25894CBF00511AA2 /* ExpandableTableViewHeader.swift in Sources */,
				4B34BC992588ED3400847327 /* DataManager.swift in Sources */,
			);
			runOnlyForDeploymentPostprocessing = 0;
		};
/* End PBXSourcesBuildPhase section */

/* Begin PBXVariantGroup section */
		4B216DCD24B4EB95008EB6E4 /* Main.storyboard */ = {
			isa = PBXVariantGroup;
			children = (
				4B216DCE24B4EB95008EB6E4 /* Base */,
			);
			name = Main.storyboard;
			sourceTree = "<group>";
		};
		4B216DD524B4EB97008EB6E4 /* LaunchScreen.storyboard */ = {
			isa = PBXVariantGroup;
			children = (
				4B216DD624B4EB97008EB6E4 /* Base */,
			);
			name = LaunchScreen.storyboard;
			sourceTree = "<group>";
		};
/* End PBXVariantGroup section */

/* Begin XCBuildConfiguration section */
		4B216DD924B4EB97008EB6E4 /* Debug */ = {
			isa = XCBuildConfiguration;
			buildSettings = {
				ALWAYS_SEARCH_USER_PATHS = NO;
				CLANG_ANALYZER_NONNULL = YES;
				CLANG_ANALYZER_NUMBER_OBJECT_CONVERSION = YES_AGGRESSIVE;
				CLANG_CXX_LANGUAGE_STANDARD = "gnu++14";
				CLANG_CXX_LIBRARY = "libc++";
				CLANG_ENABLE_MODULES = YES;
				CLANG_ENABLE_OBJC_ARC = YES;
				CLANG_ENABLE_OBJC_WEAK = YES;
				CLANG_WARN_BLOCK_CAPTURE_AUTORELEASING = YES;
				CLANG_WARN_BOOL_CONVERSION = YES;
				CLANG_WARN_COMMA = YES;
				CLANG_WARN_CONSTANT_CONVERSION = YES;
				CLANG_WARN_DEPRECATED_OBJC_IMPLEMENTATIONS = YES;
				CLANG_WARN_DIRECT_OBJC_ISA_USAGE = YES_ERROR;
				CLANG_WARN_DOCUMENTATION_COMMENTS = YES;
				CLANG_WARN_EMPTY_BODY = YES;
				CLANG_WARN_ENUM_CONVERSION = YES;
				CLANG_WARN_INFINITE_RECURSION = YES;
				CLANG_WARN_INT_CONVERSION = YES;
				CLANG_WARN_NON_LITERAL_NULL_CONVERSION = YES;
				CLANG_WARN_OBJC_IMPLICIT_RETAIN_SELF = YES;
				CLANG_WARN_OBJC_LITERAL_CONVERSION = YES;
				CLANG_WARN_OBJC_ROOT_CLASS = YES_ERROR;
				CLANG_WARN_RANGE_LOOP_ANALYSIS = YES;
				CLANG_WARN_STRICT_PROTOTYPES = YES;
				CLANG_WARN_SUSPICIOUS_MOVE = YES;
				CLANG_WARN_UNGUARDED_AVAILABILITY = YES_AGGRESSIVE;
				CLANG_WARN_UNREACHABLE_CODE = YES;
				CLANG_WARN__DUPLICATE_METHOD_MATCH = YES;
				COPY_PHASE_STRIP = NO;
				DEBUG_INFORMATION_FORMAT = dwarf;
				ENABLE_STRICT_OBJC_MSGSEND = YES;
				ENABLE_TESTABILITY = YES;
				GCC_C_LANGUAGE_STANDARD = gnu11;
				GCC_DYNAMIC_NO_PIC = NO;
				GCC_NO_COMMON_BLOCKS = YES;
				GCC_OPTIMIZATION_LEVEL = 0;
				GCC_PREPROCESSOR_DEFINITIONS = (
					"DEBUG=1",
					"$(inherited)",
				);
				GCC_WARN_64_TO_32_BIT_CONVERSION = YES;
				GCC_WARN_ABOUT_RETURN_TYPE = YES_ERROR;
				GCC_WARN_UNDECLARED_SELECTOR = YES;
				GCC_WARN_UNINITIALIZED_AUTOS = YES_AGGRESSIVE;
				GCC_WARN_UNUSED_FUNCTION = YES;
				GCC_WARN_UNUSED_VARIABLE = YES;
				IPHONEOS_DEPLOYMENT_TARGET = 13.2;
				MTL_ENABLE_DEBUG_INFO = INCLUDE_SOURCE;
				MTL_FAST_MATH = YES;
				ONLY_ACTIVE_ARCH = YES;
				SDKROOT = iphoneos;
				SWIFT_ACTIVE_COMPILATION_CONDITIONS = DEBUG;
				SWIFT_OPTIMIZATION_LEVEL = "-Onone";
			};
			name = Debug;
		};
		4B216DDA24B4EB97008EB6E4 /* Release */ = {
			isa = XCBuildConfiguration;
			buildSettings = {
				ALWAYS_SEARCH_USER_PATHS = NO;
				CLANG_ANALYZER_NONNULL = YES;
				CLANG_ANALYZER_NUMBER_OBJECT_CONVERSION = YES_AGGRESSIVE;
				CLANG_CXX_LANGUAGE_STANDARD = "gnu++14";
				CLANG_CXX_LIBRARY = "libc++";
				CLANG_ENABLE_MODULES = YES;
				CLANG_ENABLE_OBJC_ARC = YES;
				CLANG_ENABLE_OBJC_WEAK = YES;
				CLANG_WARN_BLOCK_CAPTURE_AUTORELEASING = YES;
				CLANG_WARN_BOOL_CONVERSION = YES;
				CLANG_WARN_COMMA = YES;
				CLANG_WARN_CONSTANT_CONVERSION = YES;
				CLANG_WARN_DEPRECATED_OBJC_IMPLEMENTATIONS = YES;
				CLANG_WARN_DIRECT_OBJC_ISA_USAGE = YES_ERROR;
				CLANG_WARN_DOCUMENTATION_COMMENTS = YES;
				CLANG_WARN_EMPTY_BODY = YES;
				CLANG_WARN_ENUM_CONVERSION = YES;
				CLANG_WARN_INFINITE_RECURSION = YES;
				CLANG_WARN_INT_CONVERSION = YES;
				CLANG_WARN_NON_LITERAL_NULL_CONVERSION = YES;
				CLANG_WARN_OBJC_IMPLICIT_RETAIN_SELF = YES;
				CLANG_WARN_OBJC_LITERAL_CONVERSION = YES;
				CLANG_WARN_OBJC_ROOT_CLASS = YES_ERROR;
				CLANG_WARN_RANGE_LOOP_ANALYSIS = YES;
				CLANG_WARN_STRICT_PROTOTYPES = YES;
				CLANG_WARN_SUSPICIOUS_MOVE = YES;
				CLANG_WARN_UNGUARDED_AVAILABILITY = YES_AGGRESSIVE;
				CLANG_WARN_UNREACHABLE_CODE = YES;
				CLANG_WARN__DUPLICATE_METHOD_MATCH = YES;
				COPY_PHASE_STRIP = NO;
				DEBUG_INFORMATION_FORMAT = "dwarf-with-dsym";
				ENABLE_NS_ASSERTIONS = NO;
				ENABLE_STRICT_OBJC_MSGSEND = YES;
				GCC_C_LANGUAGE_STANDARD = gnu11;
				GCC_NO_COMMON_BLOCKS = YES;
				GCC_WARN_64_TO_32_BIT_CONVERSION = YES;
				GCC_WARN_ABOUT_RETURN_TYPE = YES_ERROR;
				GCC_WARN_UNDECLARED_SELECTOR = YES;
				GCC_WARN_UNINITIALIZED_AUTOS = YES_AGGRESSIVE;
				GCC_WARN_UNUSED_FUNCTION = YES;
				GCC_WARN_UNUSED_VARIABLE = YES;
				IPHONEOS_DEPLOYMENT_TARGET = 13.2;
				MTL_ENABLE_DEBUG_INFO = NO;
				MTL_FAST_MATH = YES;
				SDKROOT = iphoneos;
				SWIFT_COMPILATION_MODE = wholemodule;
				SWIFT_OPTIMIZATION_LEVEL = "-O";
				VALIDATE_PRODUCT = YES;
			};
			name = Release;
		};
		4B216DDC24B4EB97008EB6E4 /* Debug */ = {
			isa = XCBuildConfiguration;
			buildSettings = {
				ASSETCATALOG_COMPILER_APPICON_NAME = AppIcon;
				CODE_SIGN_STYLE = Automatic;
				DEVELOPMENT_TEAM = 2TQP365DRZ;
				INFOPLIST_FILE = "$(SRCROOT)/Today's tasks/Info.plist";
				LD_RUNPATH_SEARCH_PATHS = (
					"$(inherited)",
					"@executable_path/Frameworks",
				);
				PRODUCT_BUNDLE_IDENTIFIER = "com.example.CoreData-First-Independent-Try";
				PRODUCT_NAME = "$(TARGET_NAME)";
				SWIFT_VERSION = 5.0;
				TARGETED_DEVICE_FAMILY = "1,2";
			};
			name = Debug;
		};
		4B216DDD24B4EB97008EB6E4 /* Release */ = {
			isa = XCBuildConfiguration;
			buildSettings = {
				ASSETCATALOG_COMPILER_APPICON_NAME = AppIcon;
				CODE_SIGN_STYLE = Automatic;
				DEVELOPMENT_TEAM = 2TQP365DRZ;
				INFOPLIST_FILE = "$(SRCROOT)/Today's tasks/Info.plist";
				LD_RUNPATH_SEARCH_PATHS = (
					"$(inherited)",
					"@executable_path/Frameworks",
				);
				PRODUCT_BUNDLE_IDENTIFIER = "com.example.CoreData-First-Independent-Try";
				PRODUCT_NAME = "$(TARGET_NAME)";
				SWIFT_VERSION = 5.0;
				TARGETED_DEVICE_FAMILY = "1,2";
			};
			name = Release;
		};
/* End XCBuildConfiguration section */

/* Begin XCConfigurationList section */
		4B216DBF24B4EB95008EB6E4 /* Build configuration list for PBXProject " Today's tasks" */ = {
			isa = XCConfigurationList;
			buildConfigurations = (
				4B216DD924B4EB97008EB6E4 /* Debug */,
				4B216DDA24B4EB97008EB6E4 /* Release */,
			);
			defaultConfigurationIsVisible = 0;
			defaultConfigurationName = Release;
		};
		4B216DDB24B4EB97008EB6E4 /* Build configuration list for PBXNativeTarget " Today's tasks" */ = {
			isa = XCConfigurationList;
			buildConfigurations = (
				4B216DDC24B4EB97008EB6E4 /* Debug */,
				4B216DDD24B4EB97008EB6E4 /* Release */,
			);
			defaultConfigurationIsVisible = 0;
			defaultConfigurationName = Release;
		};
/* End XCConfigurationList section */

/* Begin XCVersionGroup section */
		4BC74E6825801CB3008E8CE2 /* Today's_Tasks.xcdatamodeld */ = {
			isa = XCVersionGroup;
			children = (
				4BC74E6925801CB3008E8CE2 /* Today's_Tasks.xcdatamodel */,
			);
			currentVersion = 4BC74E6925801CB3008E8CE2 /* Today's_Tasks.xcdatamodel */;
			path = "Today's_Tasks.xcdatamodeld";
			sourceTree = "<group>";
			versionGroupType = wrapper.xcdatamodel;
		};
/* End XCVersionGroup section */
	};
	rootObject = 4B216DBC24B4EB94008EB6E4 /* Project object */;
}
